// !$*UTF8*$!
{
	archiveVersion = 1;
	classes = {
	};
	objectVersion = 50;
	objects = {

/* Begin PBXBuildFile section */
		62A76A2F9877180350E643E9 /* Pods_Gaidan.framework in Frameworks */ = {isa = PBXBuildFile; fileRef = 7D1199898BE43AD57EFAF1BF /* Pods_Gaidan.framework */; };
		FD0FC510211AA90500670E2A /* BoxService.swift in Sources */ = {isa = PBXBuildFile; fileRef = FD0FC50F211AA90500670E2A /* BoxService.swift */; };
		FD1322FD2121576900129D24 /* TesseractOCR.framework in Frameworks */ = {isa = PBXBuildFile; fileRef = FD1322FB212156BD00129D24 /* TesseractOCR.framework */; };
		FD1323032121581800129D24 /* Dummy.m in Sources */ = {isa = PBXBuildFile; fileRef = FD1323022121581800129D24 /* Dummy.m */; };
		FD6E28B0210AEDDE00FE3F01 /* CoreImage.framework in Frameworks */ = {isa = PBXBuildFile; fileRef = FD6E28AF210AEDDE00FE3F01 /* CoreImage.framework */; };
		FD6E28B2210AEDF600FE3F01 /* libstdc++.6.0.9.tbd in Frameworks */ = {isa = PBXBuildFile; fileRef = FD6E28B1210AEDF600FE3F01 /* libstdc++.6.0.9.tbd */; };
		FD80D17921072D8000342227 /* CameraViewController.swift in Sources */ = {isa = PBXBuildFile; fileRef = FD80D17821072D8000342227 /* CameraViewController.swift */; };
		FD80D17B2109A92200342227 /* VisionService.swift in Sources */ = {isa = PBXBuildFile; fileRef = FD80D17A2109A92200342227 /* VisionService.swift */; };
		FD80D17D210AEC1000342227 /* OCRService.swift in Sources */ = {isa = PBXBuildFile; fileRef = FD80D17C210AEC1000342227 /* OCRService.swift */; };
		FD80D181210AED0900342227 /* tessdata in Resources */ = {isa = PBXBuildFile; fileRef = FD80D180210AED0900342227 /* tessdata */; };
		FDADAE302106C6F50067DAB4 /* AppDelegate.swift in Sources */ = {isa = PBXBuildFile; fileRef = FDADAE2F2106C6F50067DAB4 /* AppDelegate.swift */; };
		FDADAE322106C6F50067DAB4 /* ViewController.swift in Sources */ = {isa = PBXBuildFile; fileRef = FDADAE312106C6F50067DAB4 /* ViewController.swift */; };
		FDADAE352106C6F50067DAB4 /* Main.storyboard in Resources */ = {isa = PBXBuildFile; fileRef = FDADAE332106C6F50067DAB4 /* Main.storyboard */; };
		FDADAE372106C6F70067DAB4 /* Assets.xcassets in Resources */ = {isa = PBXBuildFile; fileRef = FDADAE362106C6F70067DAB4 /* Assets.xcassets */; };
		FDADAE3A2106C6F70067DAB4 /* LaunchScreen.storyboard in Resources */ = {isa = PBXBuildFile; fileRef = FDADAE382106C6F70067DAB4 /* LaunchScreen.storyboard */; };
/* End PBXBuildFile section */

/* Begin PBXFileReference section */
		01797438E5A442735A5D12B2 /* Pods-Gaidan.release.xcconfig */ = {isa = PBXFileReference; includeInIndex = 1; lastKnownFileType = text.xcconfig; name = "Pods-Gaidan.release.xcconfig"; path = "Pods/Target Support Files/Pods-Gaidan/Pods-Gaidan.release.xcconfig"; sourceTree = "<group>"; };
		7D1199898BE43AD57EFAF1BF /* Pods_Gaidan.framework */ = {isa = PBXFileReference; explicitFileType = wrapper.framework; includeInIndex = 0; path = Pods_Gaidan.framework; sourceTree = BUILT_PRODUCTS_DIR; };
		7FAB5C5B4944148FF1F1D7A0 /* Pods-Gaidan.debug.xcconfig */ = {isa = PBXFileReference; includeInIndex = 1; lastKnownFileType = text.xcconfig; name = "Pods-Gaidan.debug.xcconfig"; path = "Pods/Target Support Files/Pods-Gaidan/Pods-Gaidan.debug.xcconfig"; sourceTree = "<group>"; };
		FD0FC50F211AA90500670E2A /* BoxService.swift */ = {isa = PBXFileReference; lastKnownFileType = sourcecode.swift; path = BoxService.swift; sourceTree = "<group>"; };
		FD1322FB212156BD00129D24 /* TesseractOCR.framework */ = {isa = PBXFileReference; lastKnownFileType = wrapper.framework; path = TesseractOCR.framework; sourceTree = "<group>"; };
		FD1322FE212157C900129D24 /* Dummy.h */ = {isa = PBXFileReference; lastKnownFileType = sourcecode.c.h; path = Dummy.h; sourceTree = "<group>"; };
		FD1323012121581800129D24 /* Gaidan-Bridging-Header.h */ = {isa = PBXFileReference; lastKnownFileType = sourcecode.c.h; path = "Gaidan-Bridging-Header.h"; sourceTree = "<group>"; };
		FD1323022121581800129D24 /* Dummy.m */ = {isa = PBXFileReference; lastKnownFileType = sourcecode.c.objc; path = Dummy.m; sourceTree = "<group>"; };
		FD6E28AF210AEDDE00FE3F01 /* CoreImage.framework */ = {isa = PBXFileReference; lastKnownFileType = wrapper.framework; name = CoreImage.framework; path = System/Library/Frameworks/CoreImage.framework; sourceTree = SDKROOT; };
		FD6E28B1210AEDF600FE3F01 /* libstdc++.6.0.9.tbd */ = {isa = PBXFileReference; lastKnownFileType = "sourcecode.text-based-dylib-definition"; name = "libstdc++.6.0.9.tbd"; path = "usr/lib/libstdc++.6.0.9.tbd"; sourceTree = SDKROOT; };
		FD80D17821072D8000342227 /* CameraViewController.swift */ = {isa = PBXFileReference; lastKnownFileType = sourcecode.swift; path = CameraViewController.swift; sourceTree = "<group>"; };
		FD80D17A2109A92200342227 /* VisionService.swift */ = {isa = PBXFileReference; lastKnownFileType = sourcecode.swift; path = VisionService.swift; sourceTree = "<group>"; };
		FD80D17C210AEC1000342227 /* OCRService.swift */ = {isa = PBXFileReference; lastKnownFileType = sourcecode.swift; path = OCRService.swift; sourceTree = "<group>"; };
		FD80D180210AED0900342227 /* tessdata */ = {isa = PBXFileReference; lastKnownFileType = folder; path = tessdata; sourceTree = "<group>"; };
		FDADAE2C2106C6F50067DAB4 /* Gaidan.app */ = {isa = PBXFileReference; explicitFileType = wrapper.application; includeInIndex = 0; path = Gaidan.app; sourceTree = BUILT_PRODUCTS_DIR; };
		FDADAE2F2106C6F50067DAB4 /* AppDelegate.swift */ = {isa = PBXFileReference; lastKnownFileType = sourcecode.swift; path = AppDelegate.swift; sourceTree = "<group>"; };
		FDADAE312106C6F50067DAB4 /* ViewController.swift */ = {isa = PBXFileReference; lastKnownFileType = sourcecode.swift; path = ViewController.swift; sourceTree = "<group>"; };
		FDADAE342106C6F50067DAB4 /* Base */ = {isa = PBXFileReference; lastKnownFileType = file.storyboard; name = Base; path = Base.lproj/Main.storyboard; sourceTree = "<group>"; };
		FDADAE362106C6F70067DAB4 /* Assets.xcassets */ = {isa = PBXFileReference; lastKnownFileType = folder.assetcatalog; path = Assets.xcassets; sourceTree = "<group>"; };
		FDADAE392106C6F70067DAB4 /* Base */ = {isa = PBXFileReference; lastKnownFileType = file.storyboard; name = Base; path = Base.lproj/LaunchScreen.storyboard; sourceTree = "<group>"; };
		FDADAE3B2106C6F70067DAB4 /* Info.plist */ = {isa = PBXFileReference; lastKnownFileType = text.plist.xml; path = Info.plist; sourceTree = "<group>"; };
/* End PBXFileReference section */

/* Begin PBXFrameworksBuildPhase section */
		FDADAE292106C6F50067DAB4 /* Frameworks */ = {
			isa = PBXFrameworksBuildPhase;
			buildActionMask = 2147483647;
			files = (
				FD1322FD2121576900129D24 /* TesseractOCR.framework in Frameworks */,
				62A76A2F9877180350E643E9 /* Pods_Gaidan.framework in Frameworks */,
				FD6E28B0210AEDDE00FE3F01 /* CoreImage.framework in Frameworks */,
				FD6E28B2210AEDF600FE3F01 /* libstdc++.6.0.9.tbd in Frameworks */,
			);
			runOnlyForDeploymentPostprocessing = 0;
		};
/* End PBXFrameworksBuildPhase section */

/* Begin PBXGroup section */
		6FB5C0E139CCE15E025E9964 /* Pods */ = {
			isa = PBXGroup;
			children = (
				7FAB5C5B4944148FF1F1D7A0 /* Pods-Gaidan.debug.xcconfig */,
				01797438E5A442735A5D12B2 /* Pods-Gaidan.release.xcconfig */,
			);
			name = Pods;
			sourceTree = "<group>";
		};
		CDAB502367EE7513DCB82184 /* Frameworks */ = {
			isa = PBXGroup;
			children = (
				FD6E28B1210AEDF600FE3F01 /* libstdc++.6.0.9.tbd */,
				FD6E28AF210AEDDE00FE3F01 /* CoreImage.framework */,
				7D1199898BE43AD57EFAF1BF /* Pods_Gaidan.framework */,
			);
			name = Frameworks;
			sourceTree = "<group>";
		};
		FDADAE232106C6F50067DAB4 = {
			isa = PBXGroup;
			children = (
				FD1322FB212156BD00129D24 /* TesseractOCR.framework */,
				FDADAE2E2106C6F50067DAB4 /* Gaidan */,
				FDADAE2D2106C6F50067DAB4 /* Products */,
				6FB5C0E139CCE15E025E9964 /* Pods */,
				CDAB502367EE7513DCB82184 /* Frameworks */,
			);
			sourceTree = "<group>";
		};
		FDADAE2D2106C6F50067DAB4 /* Products */ = {
			isa = PBXGroup;
			children = (
				FDADAE2C2106C6F50067DAB4 /* Gaidan.app */,
			);
			name = Products;
			sourceTree = "<group>";
		};
		FDADAE2E2106C6F50067DAB4 /* Gaidan */ = {
			isa = PBXGroup;
			children = (
				FD80D180210AED0900342227 /* tessdata */,
				FDADAE2F2106C6F50067DAB4 /* AppDelegate.swift */,
				FD0FC50F211AA90500670E2A /* BoxService.swift */,
				FD80D17821072D8000342227 /* CameraViewController.swift */,
				FD80D17C210AEC1000342227 /* OCRService.swift */,
				FD80D17A2109A92200342227 /* VisionService.swift */,
				FDADAE312106C6F50067DAB4 /* ViewController.swift */,
				FDADAE332106C6F50067DAB4 /* Main.storyboard */,
				FDADAE362106C6F70067DAB4 /* Assets.xcassets */,
				FDADAE382106C6F70067DAB4 /* LaunchScreen.storyboard */,
				FDADAE3B2106C6F70067DAB4 /* Info.plist */,
				FD1322FE212157C900129D24 /* Dummy.h */,
				FD1323022121581800129D24 /* Dummy.m */,
				FD1323012121581800129D24 /* Gaidan-Bridging-Header.h */,
			);
			path = Gaidan;
			sourceTree = "<group>";
		};
/* End PBXGroup section */

/* Begin PBXNativeTarget section */
		FDADAE2B2106C6F50067DAB4 /* Gaidan */ = {
			isa = PBXNativeTarget;
			buildConfigurationList = FDADAE3E2106C6F70067DAB4 /* Build configuration list for PBXNativeTarget "Gaidan" */;
			buildPhases = (
				D2B8B265E69F85C0851BCB5E /* [CP] Check Pods Manifest.lock */,
				FDADAE282106C6F50067DAB4 /* Sources */,
				FDADAE292106C6F50067DAB4 /* Frameworks */,
				FDADAE2A2106C6F50067DAB4 /* Resources */,
				8795765605AEC1CF1D1502DF /* [CP] Embed Pods Frameworks */,
			);
			buildRules = (
			);
			dependencies = (
			);
			name = Gaidan;
			productName = Gaidan;
			productReference = FDADAE2C2106C6F50067DAB4 /* Gaidan.app */;
			productType = "com.apple.product-type.application";
		};
/* End PBXNativeTarget section */

/* Begin PBXProject section */
		FDADAE242106C6F50067DAB4 /* Project object */ = {
			isa = PBXProject;
			attributes = {
				LastSwiftUpdateCheck = 0940;
				LastUpgradeCheck = 0940;
				ORGANIZATIONNAME = "Rhea Chugh";
				TargetAttributes = {
					FDADAE2B2106C6F50067DAB4 = {
						CreatedOnToolsVersion = 9.4;
						LastSwiftMigration = 0940;
					};
				};
			};
			buildConfigurationList = FDADAE272106C6F50067DAB4 /* Build configuration list for PBXProject "Gaidan" */;
			compatibilityVersion = "Xcode 9.3";
			developmentRegion = en;
			hasScannedForEncodings = 0;
			knownRegions = (
				en,
				Base,
			);
			mainGroup = FDADAE232106C6F50067DAB4;
			productRefGroup = FDADAE2D2106C6F50067DAB4 /* Products */;
			projectDirPath = "";
			projectRoot = "";
			targets = (
				FDADAE2B2106C6F50067DAB4 /* Gaidan */,
			);
		};
/* End PBXProject section */

/* Begin PBXResourcesBuildPhase section */
		FDADAE2A2106C6F50067DAB4 /* Resources */ = {
			isa = PBXResourcesBuildPhase;
			buildActionMask = 2147483647;
			files = (
				FDADAE3A2106C6F70067DAB4 /* LaunchScreen.storyboard in Resources */,
				FD80D181210AED0900342227 /* tessdata in Resources */,
				FDADAE372106C6F70067DAB4 /* Assets.xcassets in Resources */,
				FDADAE352106C6F50067DAB4 /* Main.storyboard in Resources */,
			);
			runOnlyForDeploymentPostprocessing = 0;
		};
/* End PBXResourcesBuildPhase section */

/* Begin PBXShellScriptBuildPhase section */
		8795765605AEC1CF1D1502DF /* [CP] Embed Pods Frameworks */ = {
			isa = PBXShellScriptBuildPhase;
			buildActionMask = 2147483647;
			files = (
			);
			inputPaths = (
				"${SRCROOT}/Pods/Target Support Files/Pods-Gaidan/Pods-Gaidan-frameworks.sh",
				"${BUILT_PRODUCTS_DIR}/Anchors/Anchors.framework",
			);
			name = "[CP] Embed Pods Frameworks";
			outputPaths = (
				"${TARGET_BUILD_DIR}/${FRAMEWORKS_FOLDER_PATH}/Anchors.framework",
			);
			runOnlyForDeploymentPostprocessing = 0;
			shellPath = /bin/sh;
			shellScript = "\"${SRCROOT}/Pods/Target Support Files/Pods-Gaidan/Pods-Gaidan-frameworks.sh\"\n";
			showEnvVarsInLog = 0;
		};
		D2B8B265E69F85C0851BCB5E /* [CP] Check Pods Manifest.lock */ = {
			isa = PBXShellScriptBuildPhase;
			buildActionMask = 2147483647;
			files = (
			);
			inputPaths = (
				"${PODS_PODFILE_DIR_PATH}/Podfile.lock",
				"${PODS_ROOT}/Manifest.lock",
			);
			name = "[CP] Check Pods Manifest.lock";
			outputPaths = (
				"$(DERIVED_FILE_DIR)/Pods-Gaidan-checkManifestLockResult.txt",
			);
			runOnlyForDeploymentPostprocessing = 0;
			shellPath = /bin/sh;
			shellScript = "diff \"${PODS_PODFILE_DIR_PATH}/Podfile.lock\" \"${PODS_ROOT}/Manifest.lock\" > /dev/null\nif [ $? != 0 ] ; then\n    # print error to STDERR\n    echo \"error: The sandbox is not in sync with the Podfile.lock. Run 'pod install' or update your CocoaPods installation.\" >&2\n    exit 1\nfi\n# This output is used by Xcode 'outputs' to avoid re-running this script phase.\necho \"SUCCESS\" > \"${SCRIPT_OUTPUT_FILE_0}\"\n";
			showEnvVarsInLog = 0;
		};
/* End PBXShellScriptBuildPhase section */

/* Begin PBXSourcesBuildPhase section */
		FDADAE282106C6F50067DAB4 /* Sources */ = {
			isa = PBXSourcesBuildPhase;
			buildActionMask = 2147483647;
			files = (
				FD1323032121581800129D24 /* Dummy.m in Sources */,
				FD80D17D210AEC1000342227 /* OCRService.swift in Sources */,
				FD0FC510211AA90500670E2A /* BoxService.swift in Sources */,
				FDADAE322106C6F50067DAB4 /* ViewController.swift in Sources */,
				FDADAE302106C6F50067DAB4 /* AppDelegate.swift in Sources */,
				FD80D17921072D8000342227 /* CameraViewController.swift in Sources */,
				FD80D17B2109A92200342227 /* VisionService.swift in Sources */,
			);
			runOnlyForDeploymentPostprocessing = 0;
		};
/* End PBXSourcesBuildPhase section */

/* Begin PBXVariantGroup section */
		FDADAE332106C6F50067DAB4 /* Main.storyboard */ = {
			isa = PBXVariantGroup;
			children = (
				FDADAE342106C6F50067DAB4 /* Base */,
			);
			name = Main.storyboard;
			sourceTree = "<group>";
		};
		FDADAE382106C6F70067DAB4 /* LaunchScreen.storyboard */ = {
			isa = PBXVariantGroup;
			children = (
				FDADAE392106C6F70067DAB4 /* Base */,
			);
			name = LaunchScreen.storyboard;
			sourceTree = "<group>";
		};
/* End PBXVariantGroup section */

/* Begin XCBuildConfiguration section */
		FDADAE3C2106C6F70067DAB4 /* Debug */ = {
			isa = XCBuildConfiguration;
			buildSettings = {
				ALWAYS_SEARCH_USER_PATHS = NO;
				CLANG_ANALYZER_NONNULL = YES;
				CLANG_ANALYZER_NUMBER_OBJECT_CONVERSION = YES_AGGRESSIVE;
				CLANG_CXX_LANGUAGE_STANDARD = "gnu++14";
				CLANG_CXX_LIBRARY = "libc++";
				CLANG_ENABLE_MODULES = YES;
				CLANG_ENABLE_OBJC_ARC = YES;
				CLANG_ENABLE_OBJC_WEAK = YES;
				CLANG_WARN_BLOCK_CAPTURE_AUTORELEASING = YES;
				CLANG_WARN_BOOL_CONVERSION = YES;
				CLANG_WARN_COMMA = YES;
				CLANG_WARN_CONSTANT_CONVERSION = YES;
				CLANG_WARN_DEPRECATED_OBJC_IMPLEMENTATIONS = YES;
				CLANG_WARN_DIRECT_OBJC_ISA_USAGE = YES_ERROR;
				CLANG_WARN_DOCUMENTATION_COMMENTS = YES;
				CLANG_WARN_EMPTY_BODY = YES;
				CLANG_WARN_ENUM_CONVERSION = YES;
				CLANG_WARN_INFINITE_RECURSION = YES;
				CLANG_WARN_INT_CONVERSION = YES;
				CLANG_WARN_NON_LITERAL_NULL_CONVERSION = YES;
				CLANG_WARN_OBJC_IMPLICIT_RETAIN_SELF = YES;
				CLANG_WARN_OBJC_LITERAL_CONVERSION = YES;
				CLANG_WARN_OBJC_ROOT_CLASS = YES_ERROR;
				CLANG_WARN_RANGE_LOOP_ANALYSIS = YES;
				CLANG_WARN_STRICT_PROTOTYPES = YES;
				CLANG_WARN_SUSPICIOUS_MOVE = YES;
				CLANG_WARN_UNGUARDED_AVAILABILITY = YES_AGGRESSIVE;
				CLANG_WARN_UNREACHABLE_CODE = YES;
				CLANG_WARN__DUPLICATE_METHOD_MATCH = YES;
				CODE_SIGN_IDENTITY = "iPhone Developer";
				COPY_PHASE_STRIP = NO;
				DEBUG_INFORMATION_FORMAT = dwarf;
				ENABLE_BITCODE = NO;
				ENABLE_STRICT_OBJC_MSGSEND = YES;
				ENABLE_TESTABILITY = YES;
				GCC_C_LANGUAGE_STANDARD = gnu11;
				GCC_DYNAMIC_NO_PIC = NO;
				GCC_NO_COMMON_BLOCKS = YES;
				GCC_OPTIMIZATION_LEVEL = 0;
				GCC_PREPROCESSOR_DEFINITIONS = (
					"DEBUG=1",
					"$(inherited)",
				);
				GCC_WARN_64_TO_32_BIT_CONVERSION = YES;
				GCC_WARN_ABOUT_RETURN_TYPE = YES_ERROR;
				GCC_WARN_UNDECLARED_SELECTOR = YES;
				GCC_WARN_UNINITIALIZED_AUTOS = YES_AGGRESSIVE;
				GCC_WARN_UNUSED_FUNCTION = YES;
				GCC_WARN_UNUSED_VARIABLE = YES;
				IPHONEOS_DEPLOYMENT_TARGET = 11.4;
				MTL_ENABLE_DEBUG_INFO = YES;
				ONLY_ACTIVE_ARCH = YES;
				SDKROOT = iphoneos;
				SWIFT_ACTIVE_COMPILATION_CONDITIONS = DEBUG;
				SWIFT_OPTIMIZATION_LEVEL = "-Onone";
			};
			name = Debug;
		};
		FDADAE3D2106C6F70067DAB4 /* Release */ = {
			isa = XCBuildConfiguration;
			buildSettings = {
				ALWAYS_SEARCH_USER_PATHS = NO;
				CLANG_ANALYZER_NONNULL = YES;
				CLANG_ANALYZER_NUMBER_OBJECT_CONVERSION = YES_AGGRESSIVE;
				CLANG_CXX_LANGUAGE_STANDARD = "gnu++14";
				CLANG_CXX_LIBRARY = "libc++";
				CLANG_ENABLE_MODULES = YES;
				CLANG_ENABLE_OBJC_ARC = YES;
				CLANG_ENABLE_OBJC_WEAK = YES;
				CLANG_WARN_BLOCK_CAPTURE_AUTORELEASING = YES;
				CLANG_WARN_BOOL_CONVERSION = YES;
				CLANG_WARN_COMMA = YES;
				CLANG_WARN_CONSTANT_CONVERSION = YES;
				CLANG_WARN_DEPRECATED_OBJC_IMPLEMENTATIONS = YES;
				CLANG_WARN_DIRECT_OBJC_ISA_USAGE = YES_ERROR;
				CLANG_WARN_DOCUMENTATION_COMMENTS = YES;
				CLANG_WARN_EMPTY_BODY = YES;
				CLANG_WARN_ENUM_CONVERSION = YES;
				CLANG_WARN_INFINITE_RECURSION = YES;
				CLANG_WARN_INT_CONVERSION = YES;
				CLANG_WARN_NON_LITERAL_NULL_CONVERSION = YES;
				CLANG_WARN_OBJC_IMPLICIT_RETAIN_SELF = YES;
				CLANG_WARN_OBJC_LITERAL_CONVERSION = YES;
				CLANG_WARN_OBJC_ROOT_CLASS = YES_ERROR;
				CLANG_WARN_RANGE_LOOP_ANALYSIS = YES;
				CLANG_WARN_STRICT_PROTOTYPES = YES;
				CLANG_WARN_SUSPICIOUS_MOVE = YES;
				CLANG_WARN_UNGUARDED_AVAILABILITY = YES_AGGRESSIVE;
				CLANG_WARN_UNREACHABLE_CODE = YES;
				CLANG_WARN__DUPLICATE_METHOD_MATCH = YES;
				CODE_SIGN_IDENTITY = "iPhone Developer";
				COPY_PHASE_STRIP = NO;
				DEBUG_INFORMATION_FORMAT = "dwarf-with-dsym";
				ENABLE_BITCODE = NO;
				ENABLE_NS_ASSERTIONS = NO;
				ENABLE_STRICT_OBJC_MSGSEND = YES;
				GCC_C_LANGUAGE_STANDARD = gnu11;
				GCC_NO_COMMON_BLOCKS = YES;
				GCC_WARN_64_TO_32_BIT_CONVERSION = YES;
				GCC_WARN_ABOUT_RETURN_TYPE = YES_ERROR;
				GCC_WARN_UNDECLARED_SELECTOR = YES;
				GCC_WARN_UNINITIALIZED_AUTOS = YES_AGGRESSIVE;
				GCC_WARN_UNUSED_FUNCTION = YES;
				GCC_WARN_UNUSED_VARIABLE = YES;
				IPHONEOS_DEPLOYMENT_TARGET = 11.4;
				MTL_ENABLE_DEBUG_INFO = NO;
				SDKROOT = iphoneos;
				SWIFT_COMPILATION_MODE = wholemodule;
				SWIFT_OPTIMIZATION_LEVEL = "-O";
				VALIDATE_PRODUCT = YES;
			};
			name = Release;
		};
		FDADAE3F2106C6F70067DAB4 /* Debug */ = {
			isa = XCBuildConfiguration;
			baseConfigurationReference = 7FAB5C5B4944148FF1F1D7A0 /* Pods-Gaidan.debug.xcconfig */;
			buildSettings = {
				ASSETCATALOG_COMPILER_APPICON_NAME = AppIcon;
				CLANG_ENABLE_MODULES = YES;
				CODE_SIGN_STYLE = Automatic;
				DEVELOPMENT_TEAM = SGLNWMQ66C;
				ENABLE_BITCODE = NO;
				FRAMEWORK_SEARCH_PATHS = (
					"$(inherited)",
					"$(PROJECT_DIR)",
				);
				INFOPLIST_FILE = Gaidan/Info.plist;
				IPHONEOS_DEPLOYMENT_TARGET = 11.1;
				LD_RUNPATH_SEARCH_PATHS = (
					"$(inherited)",
					"@executable_path/Frameworks",
				);
				OTHER_LDFLAGS = (
					"-lstdc++",
					"$(inherited)",
					"-framework",
					"\"Anchors\"",
				);
				PRODUCT_BUNDLE_IDENTIFIER = com.example.Gaidan;
				PRODUCT_NAME = "$(TARGET_NAME)";
				SWIFT_OBJC_BRIDGING_HEADER = "Gaidan/Gaidan-Bridging-Header.h";
				SWIFT_OPTIMIZATION_LEVEL = "-Onone";
				SWIFT_VERSION = 4.0;
				TARGETED_DEVICE_FAMILY = "1,2";
			};
			name = Debug;
		};
		FDADAE402106C6F70067DAB4 /* Release */ = {
			isa = XCBuildConfiguration;
			baseConfigurationReference = 01797438E5A442735A5D12B2 /* Pods-Gaidan.release.xcconfig */;
			buildSettings = {
				ASSETCATALOG_COMPILER_APPICON_NAME = AppIcon;
				CLANG_ENABLE_MODULES = YES;
				CODE_SIGN_STYLE = Automatic;
				DEVELOPMENT_TEAM = SGLNWMQ66C;
				ENABLE_BITCODE = NO;
				FRAMEWORK_SEARCH_PATHS = (
					"$(inherited)",
					"$(PROJECT_DIR)",
				);
				INFOPLIST_FILE = Gaidan/Info.plist;
				IPHONEOS_DEPLOYMENT_TARGET = 11.1;
				LD_RUNPATH_SEARCH_PATHS = (
					"$(inherited)",
					"@executable_path/Frameworks",
				);
				OTHER_LDFLAGS = (
					"-lstdc++",
					"$(inherited)",
					"-framework",
					"\"Anchors\"",
				);
				PRODUCT_BUNDLE_IDENTIFIER = com.example.Gaidan;
				PRODUCT_NAME = "$(TARGET_NAME)";
				SWIFT_OBJC_BRIDGING_HEADER = "Gaidan/Gaidan-Bridging-Header.h";
				SWIFT_VERSION = 4.0;
				TARGETED_DEVICE_FAMILY = "1,2";
			};
			name = Release;
		};
/* End XCBuildConfiguration section */

/* Begin XCConfigurationList section */
		FDADAE272106C6F50067DAB4 /* Build configuration list for PBXProject "Gaidan" */ = {
			isa = XCConfigurationList;
			buildConfigurations = (
				FDADAE3C2106C6F70067DAB4 /* Debug */,
				FDADAE3D2106C6F70067DAB4 /* Release */,
			);
			defaultConfigurationIsVisible = 0;
			defaultConfigurationName = Release;
		};
		FDADAE3E2106C6F70067DAB4 /* Build configuration list for PBXNativeTarget "Gaidan" */ = {
			isa = XCConfigurationList;
			buildConfigurations = (
				FDADAE3F2106C6F70067DAB4 /* Debug */,
				FDADAE402106C6F70067DAB4 /* Release */,
			);
			defaultConfigurationIsVisible = 0;
			defaultConfigurationName = Release;
		};
/* End XCConfigurationList section */
	};
	rootObject = FDADAE242106C6F50067DAB4 /* Project object */;
}
